// !$*UTF8*$!
{
	archiveVersion = 1;
	classes = {
	};
	objectVersion = 77;
	objects = {

/* Begin PBXBuildFile section */
		193F57782EFA1C1D003362E1 /* WidgetKit.framework in Frameworks */ = {isa = PBXBuildFile; fileRef = 193F57772EFA1C1D003362E1 /* WidgetKit.framework */; };
		193F577A2EFA1C1D003362E1 /* SwiftUI.framework in Frameworks */ = {isa = PBXBuildFile; fileRef = 193F57792EFA1C1D003362E1 /* SwiftUI.framework */; };
		193F578B2EFA1C1F003362E1 /* KMReaderWidgetsExtension.appex in Embed Foundation Extensions */ = {isa = PBXBuildFile; fileRef = 193F57752EFA1C1D003362E1 /* KMReaderWidgetsExtension.appex */; platformFilter = ios; settings = {ATTRIBUTES = (RemoveHeadersOnCopy, ); }; };
		196028592ED9F7980066E8A4 /* SwiftSoup in Frameworks */ = {isa = PBXBuildFile; productRef = 196028582ED9F7980066E8A4 /* SwiftSoup */; };
		1983B7312FF4000100A1B2C3 /* SDWebImage in Frameworks */ = {isa = PBXBuildFile; productRef = 1983B7302FF4000100A1B2C3 /* SDWebImage */; };
		1983B7332FF4000100A1B2C3 /* SDWebImageWebPCoder in Frameworks */ = {isa = PBXBuildFile; productRef = 1983B7322FF4000100A1B2C3 /* SDWebImageWebPCoder */; };
		19AEC07F2EE714150073EB5F /* Flow in Frameworks */ = {isa = PBXBuildFile; productRef = 19AEC07E2EE714150073EB5F /* Flow */; };
		19AEFE572EFC62E200EC7D3B /* StoreKit.framework in Frameworks */ = {isa = PBXBuildFile; fileRef = 19AEFE562EFC62E200EC7D3B /* StoreKit.framework */; };
		19D0A1022F0A000000D0A001 /* LibArchive in Frameworks */ = {isa = PBXBuildFile; productRef = 19D0A1012F0A000000D0A001 /* LibArchive */; };
		19F0B1022F10000000B10000 /* GRDB in Frameworks */ = {isa = PBXBuildFile; productRef = 19F0B1012F10000000B10000 /* GRDB */; };
/* End PBXBuildFile section */

/* Begin PBXContainerItemProxy section */
		193F57892EFA1C1F003362E1 /* PBXContainerItemProxy */ = {
			isa = PBXContainerItemProxy;
			containerPortal = 192E6F752EC4B4E20040D165 /* Project object */;
			proxyType = 1;
			remoteGlobalIDString = 193F57742EFA1C1D003362E1;
			remoteInfo = KMReaderWidgetsExtension;
		};
/* End PBXContainerItemProxy section */

/* Begin PBXCopyFilesBuildPhase section */
		193F578C2EFA1C1F003362E1 /* Embed Foundation Extensions */ = {
			isa = PBXCopyFilesBuildPhase;
			buildActionMask = 2147483647;
			dstPath = "";
			dstSubfolderSpec = 13;
			files = (
				193F578B2EFA1C1F003362E1 /* KMReaderWidgetsExtension.appex in Embed Foundation Extensions */,
			);
			name = "Embed Foundation Extensions";
			runOnlyForDeploymentPostprocessing = 0;
		};
/* End PBXCopyFilesBuildPhase section */

/* Begin PBXFileReference section */
		192E6F7D2EC4B4E20040D165 /* KMReader.app */ = {isa = PBXFileReference; explicitFileType = wrapper.application; includeInIndex = 0; path = KMReader.app; sourceTree = BUILT_PRODUCTS_DIR; };
		193F57752EFA1C1D003362E1 /* KMReaderWidgetsExtension.appex */ = {isa = PBXFileReference; explicitFileType = "wrapper.app-extension"; includeInIndex = 0; path = KMReaderWidgetsExtension.appex; sourceTree = BUILT_PRODUCTS_DIR; };
		193F57772EFA1C1D003362E1 /* WidgetKit.framework */ = {isa = PBXFileReference; lastKnownFileType = wrapper.framework; name = WidgetKit.framework; path = System/Library/Frameworks/WidgetKit.framework; sourceTree = SDKROOT; };
		193F57792EFA1C1D003362E1 /* SwiftUI.framework */ = {isa = PBXFileReference; lastKnownFileType = wrapper.framework; name = SwiftUI.framework; path = System/Library/Frameworks/SwiftUI.framework; sourceTree = SDKROOT; };
		19AEFE562EFC62E200EC7D3B /* StoreKit.framework */ = {isa = PBXFileReference; lastKnownFileType = wrapper.framework; name = StoreKit.framework; path = System/Library/Frameworks/StoreKit.framework; sourceTree = SDKROOT; };
/* End PBXFileReference section */

/* Begin PBXFileSystemSynchronizedBuildFileExceptionSet section */
		193F57902EFA1C1F003362E1 /* Exceptions for "KMReaderWidgets" folder in "KMReaderWidgetsExtension" target */ = {
			isa = PBXFileSystemSynchronizedBuildFileExceptionSet;
			membershipExceptions = (
				Info.plist,
			);
			target = 193F57742EFA1C1D003362E1 /* KMReaderWidgetsExtension */;
		};
		19AEC99F2EFA249300EC7D3B /* Exceptions for "KMReader" folder in "KMReader" target */ = {
			isa = PBXFileSystemSynchronizedBuildFileExceptionSet;
			membershipExceptions = (
				Info.plist,
			);
			target = 192E6F7C2EC4B4E20040D165 /* KMReader */;
		};
/* End PBXFileSystemSynchronizedBuildFileExceptionSet section */

/* Begin PBXFileSystemSynchronizedRootGroup section */
		192E6F7F2EC4B4E20040D165 /* KMReader */ = {
			isa = PBXFileSystemSynchronizedRootGroup;
			exceptions = (
				19AEC99F2EFA249300EC7D3B /* Exceptions for "KMReader" folder in "KMReader" target */,
			);
			path = KMReader;
			sourceTree = "<group>";
		};
		193F577B2EFA1C1D003362E1 /* KMReaderWidgets */ = {
			isa = PBXFileSystemSynchronizedRootGroup;
			exceptions = (
				193F57902EFA1C1F003362E1 /* Exceptions for "KMReaderWidgets" folder in "KMReaderWidgetsExtension" target */,
			);
			path = KMReaderWidgets;
			sourceTree = "<group>";
		};
		193F57942EFA2244003362E1 /* Shared */ = {
			isa = PBXFileSystemSynchronizedRootGroup;
			path = Shared;
			sourceTree = "<group>";
		};
/* End PBXFileSystemSynchronizedRootGroup section */

/* Begin PBXFrameworksBuildPhase section */
		192E6F7A2EC4B4E20040D165 /* Frameworks */ = {
			isa = PBXFrameworksBuildPhase;
			buildActionMask = 2147483647;
			files = (
				196028592ED9F7980066E8A4 /* SwiftSoup in Frameworks */,
				1983B7312FF4000100A1B2C3 /* SDWebImage in Frameworks */,
				1983B7332FF4000100A1B2C3 /* SDWebImageWebPCoder in Frameworks */,
				19F0B1022F10000000B10000 /* GRDB in Frameworks */,
				19D0A1022F0A000000D0A001 /* LibArchive in Frameworks */,
				19AEFE572EFC62E200EC7D3B /* StoreKit.framework in Frameworks */,
				19AEC07F2EE714150073EB5F /* Flow in Frameworks */,
			);
			runOnlyForDeploymentPostprocessing = 0;
		};
		193F57722EFA1C1D003362E1 /* Frameworks */ = {
			isa = PBXFrameworksBuildPhase;
			buildActionMask = 2147483647;
			files = (
				193F577A2EFA1C1D003362E1 /* SwiftUI.framework in Frameworks */,
				193F57782EFA1C1D003362E1 /* WidgetKit.framework in Frameworks */,
			);
			runOnlyForDeploymentPostprocessing = 0;
		};
/* End PBXFrameworksBuildPhase section */

/* Begin PBXGroup section */
		192E6F742EC4B4E20040D165 = {
			isa = PBXGroup;
			children = (
				192E6F7F2EC4B4E20040D165 /* KMReader */,
				193F577B2EFA1C1D003362E1 /* KMReaderWidgets */,
				193F57762EFA1C1D003362E1 /* Frameworks */,
				192E6F7E2EC4B4E20040D165 /* Products */,
				193F57942EFA2244003362E1 /* Shared */,
			);
			sourceTree = "<group>";
		};
		192E6F7E2EC4B4E20040D165 /* Products */ = {
			isa = PBXGroup;
			children = (
				192E6F7D2EC4B4E20040D165 /* KMReader.app */,
				193F57752EFA1C1D003362E1 /* KMReaderWidgetsExtension.appex */,
			);
			name = Products;
			sourceTree = "<group>";
		};
		193F57762EFA1C1D003362E1 /* Frameworks */ = {
			isa = PBXGroup;
			children = (
				19AEFE562EFC62E200EC7D3B /* StoreKit.framework */,
				193F57772EFA1C1D003362E1 /* WidgetKit.framework */,
				193F57792EFA1C1D003362E1 /* SwiftUI.framework */,
			);
			name = Frameworks;
			sourceTree = "<group>";
		};
/* End PBXGroup section */

/* Begin PBXNativeTarget section */
		192E6F7C2EC4B4E20040D165 /* KMReader */ = {
			isa = PBXNativeTarget;
			buildConfigurationList = 192E6F8A2EC4B4E30040D165 /* Build configuration list for PBXNativeTarget "KMReader" */;
			buildPhases = (
				192E6F792EC4B4E20040D165 /* Sources */,
				192E6F7A2EC4B4E20040D165 /* Frameworks */,
				192E6F7B2EC4B4E20040D165 /* Resources */,
				193F578C2EFA1C1F003362E1 /* Embed Foundation Extensions */,
			);
			buildRules = (
			);
			dependencies = (
				193F578A2EFA1C1F003362E1 /* PBXTargetDependency */,
			);
			fileSystemSynchronizedGroups = (
				192E6F7F2EC4B4E20040D165 /* KMReader */,
				193F57942EFA2244003362E1 /* Shared */,
			);
			name = KMReader;
			packageProductDependencies = (
				196028582ED9F7980066E8A4 /* SwiftSoup */,
				1983B7302FF4000100A1B2C3 /* SDWebImage */,
				1983B7322FF4000100A1B2C3 /* SDWebImageWebPCoder */,
				19AEC07E2EE714150073EB5F /* Flow */,
				19D0A1012F0A000000D0A001 /* LibArchive */,
				19F0B1012F10000000B10000 /* GRDB */,
			);
			productName = KMReader;
			productReference = 192E6F7D2EC4B4E20040D165 /* KMReader.app */;
			productType = "com.apple.product-type.application";
		};
		193F57742EFA1C1D003362E1 /* KMReaderWidgetsExtension */ = {
			isa = PBXNativeTarget;
			buildConfigurationList = 193F578F2EFA1C1F003362E1 /* Build configuration list for PBXNativeTarget "KMReaderWidgetsExtension" */;
			buildPhases = (
				193F57712EFA1C1D003362E1 /* Sources */,
				193F57722EFA1C1D003362E1 /* Frameworks */,
				193F57732EFA1C1D003362E1 /* Resources */,
			);
			buildRules = (
			);
			dependencies = (
			);
			fileSystemSynchronizedGroups = (
				193F577B2EFA1C1D003362E1 /* KMReaderWidgets */,
				193F57942EFA2244003362E1 /* Shared */,
			);
			name = KMReaderWidgetsExtension;
			packageProductDependencies = (
			);
			productName = KMReaderWidgetsExtension;
			productReference = 193F57752EFA1C1D003362E1 /* KMReaderWidgetsExtension.appex */;
			productType = "com.apple.product-type.app-extension";
		};
/* End PBXNativeTarget section */

/* Begin PBXProject section */
		192E6F752EC4B4E20040D165 /* Project object */ = {
			isa = PBXProject;
			attributes = {
				BuildIndependentTargetsInParallel = 1;
				LastSwiftUpdateCheck = 2620;
				LastUpgradeCheck = 2620;
				TargetAttributes = {
					192E6F7C2EC4B4E20040D165 = {
						CreatedOnToolsVersion = 26.1;
					};
					193F57742EFA1C1D003362E1 = {
						CreatedOnToolsVersion = 26.2;
					};
				};
			};
			buildConfigurationList = 192E6F782EC4B4E20040D165 /* Build configuration list for PBXProject "KMReader" */;
			developmentRegion = en;
			hasScannedForEncodings = 0;
			knownRegions = (
				en,
				Base,
				"zh-Hans",
				"zh-Hant",
				fr,
				ja,
				ko,
				de,
				ru,
				it,
				es,
			);
			mainGroup = 192E6F742EC4B4E20040D165;
			minimizedProjectReferenceProxies = 1;
			packageReferences = (
				196028572ED9F7980066E8A4 /* XCRemoteSwiftPackageReference "SwiftSoup" */,
				1983B72E2FF4000100A1B2C3 /* XCRemoteSwiftPackageReference "SDWebImage" */,
				1983B72F2FF4000100A1B2C3 /* XCRemoteSwiftPackageReference "SDWebImageWebPCoder" */,
				19AEC07D2EE714150073EB5F /* XCRemoteSwiftPackageReference "SwiftUI-Flow" */,
				19D0A1002F0A000000D0A001 /* XCRemoteSwiftPackageReference "libarchive-swift" */,
				19F0B1002F10000000B10000 /* XCRemoteSwiftPackageReference "GRDB.swift" */,
			);
			preferredProjectObjectVersion = 77;
			productRefGroup = 192E6F7E2EC4B4E20040D165 /* Products */;
			projectDirPath = "";
			projectRoot = "";
			targets = (
				192E6F7C2EC4B4E20040D165 /* KMReader */,
				193F57742EFA1C1D003362E1 /* KMReaderWidgetsExtension */,
			);
		};
/* End PBXProject section */

/* Begin PBXResourcesBuildPhase section */
		192E6F7B2EC4B4E20040D165 /* Resources */ = {
			isa = PBXResourcesBuildPhase;
			buildActionMask = 2147483647;
			files = (
			);
			runOnlyForDeploymentPostprocessing = 0;
		};
		193F57732EFA1C1D003362E1 /* Resources */ = {
			isa = PBXResourcesBuildPhase;
			buildActionMask = 2147483647;
			files = (
			);
			runOnlyForDeploymentPostprocessing = 0;
		};
/* End PBXResourcesBuildPhase section */

/* Begin PBXSourcesBuildPhase section */
		192E6F792EC4B4E20040D165 /* Sources */ = {
			isa = PBXSourcesBuildPhase;
			buildActionMask = 2147483647;
			files = (
			);
			runOnlyForDeploymentPostprocessing = 0;
		};
		193F57712EFA1C1D003362E1 /* Sources */ = {
			isa = PBXSourcesBuildPhase;
			buildActionMask = 2147483647;
			files = (
			);
			runOnlyForDeploymentPostprocessing = 0;
		};
/* End PBXSourcesBuildPhase section */

/* Begin PBXTargetDependency section */
		193F578A2EFA1C1F003362E1 /* PBXTargetDependency */ = {
			isa = PBXTargetDependency;
			platformFilter = ios;
			target = 193F57742EFA1C1D003362E1 /* KMReaderWidgetsExtension */;
			targetProxy = 193F57892EFA1C1F003362E1 /* PBXContainerItemProxy */;
		};
/* End PBXTargetDependency section */

/* Begin XCBuildConfiguration section */
		192E6F882EC4B4E30040D165 /* Debug */ = {
			isa = XCBuildConfiguration;
			buildSettings = {
				ALWAYS_SEARCH_USER_PATHS = NO;
				ASSETCATALOG_COMPILER_GENERATE_SWIFT_ASSET_SYMBOL_EXTENSIONS = YES;
				CLANG_ANALYZER_LOCALIZABILITY_NONLOCALIZED = YES;
				CLANG_ANALYZER_NONNULL = YES;
				CLANG_ANALYZER_NUMBER_OBJECT_CONVERSION = YES_AGGRESSIVE;
				CLANG_CXX_LANGUAGE_STANDARD = "gnu++20";
				CLANG_ENABLE_MODULES = YES;
				CLANG_ENABLE_OBJC_ARC = YES;
				CLANG_ENABLE_OBJC_WEAK = YES;
				CLANG_WARN_BLOCK_CAPTURE_AUTORELEASING = YES;
				CLANG_WARN_BOOL_CONVERSION = YES;
				CLANG_WARN_COMMA = YES;
				CLANG_WARN_CONSTANT_CONVERSION = YES;
				CLANG_WARN_DEPRECATED_OBJC_IMPLEMENTATIONS = YES;
				CLANG_WARN_DIRECT_OBJC_ISA_USAGE = YES_ERROR;
				CLANG_WARN_DOCUMENTATION_COMMENTS = YES;
				CLANG_WARN_EMPTY_BODY = YES;
				CLANG_WARN_ENUM_CONVERSION = YES;
				CLANG_WARN_INFINITE_RECURSION = YES;
				CLANG_WARN_INT_CONVERSION = YES;
				CLANG_WARN_NON_LITERAL_NULL_CONVERSION = YES;
				CLANG_WARN_OBJC_IMPLICIT_RETAIN_SELF = YES;
				CLANG_WARN_OBJC_LITERAL_CONVERSION = YES;
				CLANG_WARN_OBJC_ROOT_CLASS = YES_ERROR;
				CLANG_WARN_QUOTED_INCLUDE_IN_FRAMEWORK_HEADER = YES;
				CLANG_WARN_RANGE_LOOP_ANALYSIS = YES;
				CLANG_WARN_STRICT_PROTOTYPES = YES;
				CLANG_WARN_SUSPICIOUS_MOVE = YES;
				CLANG_WARN_UNGUARDED_AVAILABILITY = YES_AGGRESSIVE;
				CLANG_WARN_UNREACHABLE_CODE = YES;
				CLANG_WARN__DUPLICATE_METHOD_MATCH = YES;
				COPY_PHASE_STRIP = NO;
				DEBUG_INFORMATION_FORMAT = dwarf;
				DEVELOPMENT_TEAM = M777UHWZA4;
				ENABLE_STRICT_OBJC_MSGSEND = YES;
				ENABLE_TESTABILITY = YES;
				ENABLE_USER_SCRIPT_SANDBOXING = YES;
				GCC_C_LANGUAGE_STANDARD = gnu17;
				GCC_DYNAMIC_NO_PIC = NO;
				GCC_NO_COMMON_BLOCKS = YES;
				GCC_OPTIMIZATION_LEVEL = 0;
				GCC_PREPROCESSOR_DEFINITIONS = (
					"DEBUG=1",
					"$(inherited)",
				);
				GCC_WARN_64_TO_32_BIT_CONVERSION = YES;
				GCC_WARN_ABOUT_RETURN_TYPE = YES_ERROR;
				GCC_WARN_UNDECLARED_SELECTOR = YES;
				GCC_WARN_UNINITIALIZED_AUTOS = YES_AGGRESSIVE;
				GCC_WARN_UNUSED_FUNCTION = YES;
				GCC_WARN_UNUSED_VARIABLE = YES;
				IPHONEOS_DEPLOYMENT_TARGET = 26.1;
				LOCALIZATION_PREFERS_STRING_CATALOGS = YES;
				MTL_ENABLE_DEBUG_INFO = INCLUDE_SOURCE;
				MTL_FAST_MATH = YES;
				ONLY_ACTIVE_ARCH = YES;
				SDKROOT = iphoneos;
				STRING_CATALOG_GENERATE_SYMBOLS = YES;
				SWIFT_ACTIVE_COMPILATION_CONDITIONS = "DEBUG $(inherited)";
				SWIFT_OPTIMIZATION_LEVEL = "-Onone";
			};
			name = Debug;
		};
		192E6F892EC4B4E30040D165 /* Release */ = {
			isa = XCBuildConfiguration;
			buildSettings = {
				ALWAYS_SEARCH_USER_PATHS = NO;
				ASSETCATALOG_COMPILER_GENERATE_SWIFT_ASSET_SYMBOL_EXTENSIONS = YES;
				CLANG_ANALYZER_LOCALIZABILITY_NONLOCALIZED = YES;
				CLANG_ANALYZER_NONNULL = YES;
				CLANG_ANALYZER_NUMBER_OBJECT_CONVERSION = YES_AGGRESSIVE;
				CLANG_CXX_LANGUAGE_STANDARD = "gnu++20";
				CLANG_ENABLE_MODULES = YES;
				CLANG_ENABLE_OBJC_ARC = YES;
				CLANG_ENABLE_OBJC_WEAK = YES;
				CLANG_WARN_BLOCK_CAPTURE_AUTORELEASING = YES;
				CLANG_WARN_BOOL_CONVERSION = YES;
				CLANG_WARN_COMMA = YES;
				CLANG_WARN_CONSTANT_CONVERSION = YES;
				CLANG_WARN_DEPRECATED_OBJC_IMPLEMENTATIONS = YES;
				CLANG_WARN_DIRECT_OBJC_ISA_USAGE = YES_ERROR;
				CLANG_WARN_DOCUMENTATION_COMMENTS = YES;
				CLANG_WARN_EMPTY_BODY = YES;
				CLANG_WARN_ENUM_CONVERSION = YES;
				CLANG_WARN_INFINITE_RECURSION = YES;
				CLANG_WARN_INT_CONVERSION = YES;
				CLANG_WARN_NON_LITERAL_NULL_CONVERSION = YES;
				CLANG_WARN_OBJC_IMPLICIT_RETAIN_SELF = YES;
				CLANG_WARN_OBJC_LITERAL_CONVERSION = YES;
				CLANG_WARN_OBJC_ROOT_CLASS = YES_ERROR;
				CLANG_WARN_QUOTED_INCLUDE_IN_FRAMEWORK_HEADER = YES;
				CLANG_WARN_RANGE_LOOP_ANALYSIS = YES;
				CLANG_WARN_STRICT_PROTOTYPES = YES;
				CLANG_WARN_SUSPICIOUS_MOVE = YES;
				CLANG_WARN_UNGUARDED_AVAILABILITY = YES_AGGRESSIVE;
				CLANG_WARN_UNREACHABLE_CODE = YES;
				CLANG_WARN__DUPLICATE_METHOD_MATCH = YES;
				COPY_PHASE_STRIP = NO;
				DEBUG_INFORMATION_FORMAT = "dwarf-with-dsym";
				DEVELOPMENT_TEAM = M777UHWZA4;
				ENABLE_NS_ASSERTIONS = NO;
				ENABLE_STRICT_OBJC_MSGSEND = YES;
				ENABLE_USER_SCRIPT_SANDBOXING = YES;
				GCC_C_LANGUAGE_STANDARD = gnu17;
				GCC_NO_COMMON_BLOCKS = YES;
				GCC_WARN_64_TO_32_BIT_CONVERSION = YES;
				GCC_WARN_ABOUT_RETURN_TYPE = YES_ERROR;
				GCC_WARN_UNDECLARED_SELECTOR = YES;
				GCC_WARN_UNINITIALIZED_AUTOS = YES_AGGRESSIVE;
				GCC_WARN_UNUSED_FUNCTION = YES;
				GCC_WARN_UNUSED_VARIABLE = YES;
				IPHONEOS_DEPLOYMENT_TARGET = 26.1;
				LOCALIZATION_PREFERS_STRING_CATALOGS = YES;
				MTL_ENABLE_DEBUG_INFO = NO;
				MTL_FAST_MATH = YES;
				SDKROOT = iphoneos;
				STRING_CATALOG_GENERATE_SYMBOLS = YES;
				SWIFT_COMPILATION_MODE = wholemodule;
				VALIDATE_PRODUCT = YES;
			};
			name = Release;
		};
		192E6F8B2EC4B4E30040D165 /* Debug */ = {
			isa = XCBuildConfiguration;
			buildSettings = {
				"ASSETCATALOG_COMPILER_ALTERNATE_APPICON_NAMES[sdk=iphoneos*]" = "AppIconClassic AppIconReverse AppIconGlass";
				"ASSETCATALOG_COMPILER_ALTERNATE_APPICON_NAMES[sdk=iphonesimulator*]" = "AppIconClassic AppIconReverse AppIconGlass";
				ASSETCATALOG_COMPILER_APPICON_NAME = AppIcon;
				ASSETCATALOG_COMPILER_GLOBAL_ACCENT_COLOR_NAME = AccentColor;
				ASSETCATALOG_COMPILER_INCLUDE_ALL_APPICON_ASSETS = NO;
				CODE_SIGN_ENTITLEMENTS = KMReader/KMReader.entitlements;
				"CODE_SIGN_ENTITLEMENTS[sdk=macosx*]" = "KMReader/KMReader-macOS.entitlements";
				CODE_SIGN_IDENTITY = "Apple Development";
				CODE_SIGN_STYLE = Automatic;
				CURRENT_PROJECT_VERSION = 497;
				DEVELOPMENT_TEAM = M777UHWZA4;
				ENABLE_APP_SANDBOX = YES;
				ENABLE_HARDENED_RUNTIME = YES;
				ENABLE_OUTGOING_NETWORK_CONNECTIONS = YES;
				ENABLE_PREVIEWS = YES;
				ENABLE_RESOURCE_ACCESS_PHOTO_LIBRARY = YES;
				ENABLE_USER_SELECTED_FILES = readonly;
				GENERATE_INFOPLIST_FILE = YES;
				INFOPLIST_FILE = KMReader/Info.plist;
				INFOPLIST_KEY_CFBundleDisplayName = KMReader;
				INFOPLIST_KEY_ITSAppUsesNonExemptEncryption = NO;
				INFOPLIST_KEY_LSApplicationCategoryType = "public.app-category.utilities";
				INFOPLIST_KEY_NSPhotoLibraryAddUsageDescription = "Save images from books to your photo library";
				INFOPLIST_KEY_NSSupportsLiveActivities = YES;
				INFOPLIST_KEY_UIApplicationSceneManifest_Generation = YES;
				INFOPLIST_KEY_UIApplicationSupportsIndirectInputEvents = YES;
				INFOPLIST_KEY_UILaunchScreen_Generation = YES;
				INFOPLIST_KEY_UISupportedInterfaceOrientations_iPad = "UIInterfaceOrientationPortrait UIInterfaceOrientationPortraitUpsideDown UIInterfaceOrientationLandscapeLeft UIInterfaceOrientationLandscapeRight";
				INFOPLIST_KEY_UISupportedInterfaceOrientations_iPhone = "UIInterfaceOrientationPortrait UIInterfaceOrientationLandscapeLeft UIInterfaceOrientationLandscapeRight";
				IPHONEOS_DEPLOYMENT_TARGET = 17.0;
				LD_RUNPATH_SEARCH_PATHS = (
					"$(inherited)",
					"@executable_path/Frameworks",
				);
				MACOSX_DEPLOYMENT_TARGET = 14;
				MARKETING_VERSION = 5.2;
				PRODUCT_BUNDLE_IDENTIFIER = com.everpcpc.Komga;
				PRODUCT_NAME = "$(TARGET_NAME)";
				PROVISIONING_PROFILE_SPECIFIER = "";
				REGISTER_APP_GROUPS = YES;
				STRING_CATALOG_GENERATE_SYMBOLS = YES;
				SUPPORTED_PLATFORMS = "appletvos appletvsimulator iphoneos iphonesimulator macosx";
				SUPPORTS_MACCATALYST = NO;
				SUPPORTS_MAC_DESIGNED_FOR_IPHONE_IPAD = NO;
				SUPPORTS_XR_DESIGNED_FOR_IPHONE_IPAD = NO;
				SWIFT_APPROACHABLE_CONCURRENCY = YES;
				SWIFT_DEFAULT_ACTOR_ISOLATION = MainActor;
				SWIFT_EMIT_LOC_STRINGS = YES;
				SWIFT_UPCOMING_FEATURE_MEMBER_IMPORT_VISIBILITY = YES;
				SWIFT_VERSION = 6.0;
				TARGETED_DEVICE_FAMILY = "1,2,3";
				TVOS_DEPLOYMENT_TARGET = 17.0;
			};
			name = Debug;
		};
		192E6F8C2EC4B4E30040D165 /* Release */ = {
			isa = XCBuildConfiguration;
			buildSettings = {
				"ASSETCATALOG_COMPILER_ALTERNATE_APPICON_NAMES[sdk=iphoneos*]" = "AppIconClassic AppIconReverse AppIconGlass";
				"ASSETCATALOG_COMPILER_ALTERNATE_APPICON_NAMES[sdk=iphonesimulator*]" = "AppIconClassic AppIconReverse AppIconGlass";
				ASSETCATALOG_COMPILER_APPICON_NAME = AppIcon;
				ASSETCATALOG_COMPILER_GLOBAL_ACCENT_COLOR_NAME = AccentColor;
				ASSETCATALOG_COMPILER_INCLUDE_ALL_APPICON_ASSETS = NO;
				CODE_SIGN_ENTITLEMENTS = KMReader/KMReader.entitlements;
				"CODE_SIGN_ENTITLEMENTS[sdk=macosx*]" = "KMReader/KMReader-macOS.entitlements";
				CODE_SIGN_IDENTITY = "Apple Distribution";
				CODE_SIGN_STYLE = Manual;
				CURRENT_PROJECT_VERSION = 497;
				DEVELOPMENT_TEAM = "";
				"DEVELOPMENT_TEAM[sdk=appletvos*]" = M777UHWZA4;
				"DEVELOPMENT_TEAM[sdk=iphoneos*]" = M777UHWZA4;
				"DEVELOPMENT_TEAM[sdk=macosx*]" = M777UHWZA4;
				ENABLE_APP_SANDBOX = YES;
				ENABLE_HARDENED_RUNTIME = YES;
				ENABLE_OUTGOING_NETWORK_CONNECTIONS = YES;
				ENABLE_PREVIEWS = YES;
				ENABLE_RESOURCE_ACCESS_PHOTO_LIBRARY = YES;
				ENABLE_USER_SELECTED_FILES = readonly;
				GENERATE_INFOPLIST_FILE = YES;
				INFOPLIST_FILE = KMReader/Info.plist;
				INFOPLIST_KEY_CFBundleDisplayName = KMReader;
				INFOPLIST_KEY_ITSAppUsesNonExemptEncryption = NO;
				INFOPLIST_KEY_LSApplicationCategoryType = "public.app-category.utilities";
				INFOPLIST_KEY_NSPhotoLibraryAddUsageDescription = "Save images from books to your photo library";
				INFOPLIST_KEY_NSSupportsLiveActivities = YES;
				INFOPLIST_KEY_UIApplicationSceneManifest_Generation = YES;
				INFOPLIST_KEY_UIApplicationSupportsIndirectInputEvents = YES;
				INFOPLIST_KEY_UILaunchScreen_Generation = YES;
				INFOPLIST_KEY_UISupportedInterfaceOrientations_iPad = "UIInterfaceOrientationPortrait UIInterfaceOrientationPortraitUpsideDown UIInterfaceOrientationLandscapeLeft UIInterfaceOrientationLandscapeRight";
				INFOPLIST_KEY_UISupportedInterfaceOrientations_iPhone = "UIInterfaceOrientationPortrait UIInterfaceOrientationLandscapeLeft UIInterfaceOrientationLandscapeRight";
				IPHONEOS_DEPLOYMENT_TARGET = 17.0;
				LD_RUNPATH_SEARCH_PATHS = (
					"$(inherited)",
					"@executable_path/Frameworks",
				);
				MACOSX_DEPLOYMENT_TARGET = 14;
				MARKETING_VERSION = 5.2;
				PRODUCT_BUNDLE_IDENTIFIER = com.everpcpc.Komga;
				PRODUCT_NAME = "$(TARGET_NAME)";
				PROVISIONING_PROFILE_SPECIFIER = "";
				"PROVISIONING_PROFILE_SPECIFIER[sdk=appletvos*]" = "KMReader tvOS";
				"PROVISIONING_PROFILE_SPECIFIER[sdk=iphoneos*]" = "KMReader iOS";
				"PROVISIONING_PROFILE_SPECIFIER[sdk=macosx*]" = "KMReader macOS";
				REGISTER_APP_GROUPS = YES;
				STRING_CATALOG_GENERATE_SYMBOLS = YES;
				SUPPORTED_PLATFORMS = "appletvos appletvsimulator iphoneos iphonesimulator macosx";
				SUPPORTS_MACCATALYST = NO;
				SUPPORTS_MAC_DESIGNED_FOR_IPHONE_IPAD = NO;
				SUPPORTS_XR_DESIGNED_FOR_IPHONE_IPAD = NO;
				SWIFT_APPROACHABLE_CONCURRENCY = YES;
				SWIFT_DEFAULT_ACTOR_ISOLATION = MainActor;
				SWIFT_EMIT_LOC_STRINGS = YES;
				SWIFT_UPCOMING_FEATURE_MEMBER_IMPORT_VISIBILITY = YES;
				SWIFT_VERSION = 6.0;
				TARGETED_DEVICE_FAMILY = "1,2,3";
				TVOS_DEPLOYMENT_TARGET = 17.0;
			};
			name = Release;
		};
		193F578D2EFA1C1F003362E1 /* Debug */ = {
			isa = XCBuildConfiguration;
			buildSettings = {
				ASSETCATALOG_COMPILER_GLOBAL_ACCENT_COLOR_NAME = AccentColor;
				ASSETCATALOG_COMPILER_WIDGET_BACKGROUND_COLOR_NAME = WidgetBackground;
				CODE_SIGN_ENTITLEMENTS = KMReaderWidgets/KMReaderWidgets.entitlements;
				CODE_SIGN_IDENTITY = "Apple Development";
				CODE_SIGN_STYLE = Automatic;
				CURRENT_PROJECT_VERSION = 497;
				DEVELOPMENT_TEAM = M777UHWZA4;
				GENERATE_INFOPLIST_FILE = YES;
				INFOPLIST_FILE = KMReaderWidgets/Info.plist;
				INFOPLIST_KEY_CFBundleDisplayName = KMReaderWidgets;
				INFOPLIST_KEY_NSHumanReadableCopyright = "";
				IPHONEOS_DEPLOYMENT_TARGET = 17.0;
				LD_RUNPATH_SEARCH_PATHS = (
					"$(inherited)",
					"@executable_path/Frameworks",
					"@executable_path/../../Frameworks",
				);
				MARKETING_VERSION = 5.2;
				PRODUCT_BUNDLE_IDENTIFIER = com.everpcpc.Komga.KMReaderWidgets;
				PRODUCT_NAME = "$(TARGET_NAME)";
				SKIP_INSTALL = YES;
				STRING_CATALOG_GENERATE_SYMBOLS = YES;
				SWIFT_APPROACHABLE_CONCURRENCY = YES;
				SWIFT_EMIT_LOC_STRINGS = YES;
				SWIFT_UPCOMING_FEATURE_MEMBER_IMPORT_VISIBILITY = YES;
				SWIFT_VERSION = 6.0;
				TARGETED_DEVICE_FAMILY = "1,2";
			};
			name = Debug;
		};
		193F578E2EFA1C1F003362E1 /* Release */ = {
			isa = XCBuildConfiguration;
			buildSettings = {
				ASSETCATALOG_COMPILER_GLOBAL_ACCENT_COLOR_NAME = AccentColor;
				ASSETCATALOG_COMPILER_WIDGET_BACKGROUND_COLOR_NAME = WidgetBackground;
				CODE_SIGN_ENTITLEMENTS = KMReaderWidgets/KMReaderWidgets.entitlements;
				CODE_SIGN_IDENTITY = "Apple Distribution";
				"CODE_SIGN_IDENTITY[sdk=iphoneos*]" = "iPhone Distribution";
				CODE_SIGN_STYLE = Manual;
				CURRENT_PROJECT_VERSION = 497;
				DEVELOPMENT_TEAM = "";
				"DEVELOPMENT_TEAM[sdk=iphoneos*]" = M777UHWZA4;
				GENERATE_INFOPLIST_FILE = YES;
				INFOPLIST_FILE = KMReaderWidgets/Info.plist;
				INFOPLIST_KEY_CFBundleDisplayName = KMReaderWidgets;
				INFOPLIST_KEY_NSHumanReadableCopyright = "";
				IPHONEOS_DEPLOYMENT_TARGET = 17.0;
				LD_RUNPATH_SEARCH_PATHS = (
					"$(inherited)",
					"@executable_path/Frameworks",
					"@executable_path/../../Frameworks",
				);
				MARKETING_VERSION = 5.2;
				PRODUCT_BUNDLE_IDENTIFIER = com.everpcpc.Komga.KMReaderWidgets;
				PRODUCT_NAME = "$(TARGET_NAME)";
				PROVISIONING_PROFILE_SPECIFIER = "";
				"PROVISIONING_PROFILE_SPECIFIER[sdk=iphoneos*]" = "KMReader Widgets";
				SKIP_INSTALL = YES;
				STRING_CATALOG_GENERATE_SYMBOLS = YES;
				SWIFT_APPROACHABLE_CONCURRENCY = YES;
				SWIFT_EMIT_LOC_STRINGS = YES;
				SWIFT_UPCOMING_FEATURE_MEMBER_IMPORT_VISIBILITY = YES;
				SWIFT_VERSION = 6.0;
				TARGETED_DEVICE_FAMILY = "1,2";
			};
			name = Release;
		};
/* End XCBuildConfiguration section */

/* Begin XCConfigurationList section */
		192E6F782EC4B4E20040D165 /* Build configuration list for PBXProject "KMReader" */ = {
			isa = XCConfigurationList;
			buildConfigurations = (
				192E6F882EC4B4E30040D165 /* Debug */,
				192E6F892EC4B4E30040D165 /* Release */,
			);
			defaultConfigurationIsVisible = 0;
			defaultConfigurationName = Release;
		};
		192E6F8A2EC4B4E30040D165 /* Build configuration list for PBXNativeTarget "KMReader" */ = {
			isa = XCConfigurationList;
			buildConfigurations = (
				192E6F8B2EC4B4E30040D165 /* Debug */,
				192E6F8C2EC4B4E30040D165 /* Release */,
			);
			defaultConfigurationIsVisible = 0;
			defaultConfigurationName = Release;
		};
		193F578F2EFA1C1F003362E1 /* Build configuration list for PBXNativeTarget "KMReaderWidgetsExtension" */ = {
			isa = XCConfigurationList;
			buildConfigurations = (
				193F578D2EFA1C1F003362E1 /* Debug */,
				193F578E2EFA1C1F003362E1 /* Release */,
			);
			defaultConfigurationIsVisible = 0;
			defaultConfigurationName = Release;
		};
/* End XCConfigurationList section */

/* Begin XCRemoteSwiftPackageReference section */
		196028572ED9F7980066E8A4 /* XCRemoteSwiftPackageReference "SwiftSoup" */ = {
			isa = XCRemoteSwiftPackageReference;
			repositoryURL = "https://github.com/scinfu/SwiftSoup";
			requirement = {
				kind = upToNextMajorVersion;
				minimumVersion = 2.11.2;
			};
		};
		1983B72E2FF4000100A1B2C3 /* XCRemoteSwiftPackageReference "SDWebImage" */ = {
			isa = XCRemoteSwiftPackageReference;
			repositoryURL = "https://github.com/SDWebImage/SDWebImage.git";
			requirement = {
				kind = upToNextMajorVersion;
				minimumVersion = 5.21.7;
			};
		};
		1983B72F2FF4000100A1B2C3 /* XCRemoteSwiftPackageReference "SDWebImageWebPCoder" */ = {
			isa = XCRemoteSwiftPackageReference;
			repositoryURL = "https://github.com/SDWebImage/SDWebImageWebPCoder.git";
			requirement = {
				kind = upToNextMajorVersion;
				minimumVersion = 0.15.0;
			};
		};
		19AEC07D2EE714150073EB5F /* XCRemoteSwiftPackageReference "SwiftUI-Flow" */ = {
			isa = XCRemoteSwiftPackageReference;
			repositoryURL = "https://github.com/tevelee/SwiftUI-Flow";
			requirement = {
				kind = upToNextMajorVersion;
				minimumVersion = 3.1.1;
			};
		};
		19D0A1002F0A000000D0A001 /* XCRemoteSwiftPackageReference "libarchive-swift" */ = {
			isa = XCRemoteSwiftPackageReference;
			repositoryURL = "https://github.com/everpcpc/libarchive-swift";
			requirement = {
				kind = upToNextMajorVersion;
				minimumVersion = 0.1.9;
			};
		};
		19F0B1002F10000000B10000 /* XCRemoteSwiftPackageReference "GRDB.swift" */ = {
			isa = XCRemoteSwiftPackageReference;
			repositoryURL = "https://github.com/groue/GRDB.swift.git";
			requirement = {
				kind = upToNextMajorVersion;
				minimumVersion = 7.11.0;
			};
		};
/* End XCRemoteSwiftPackageReference section */

/* Begin XCSwiftPackageProductDependency section */
		196028582ED9F7980066E8A4 /* SwiftSoup */ = {
			isa = XCSwiftPackageProductDependency;
			package = 196028572ED9F7980066E8A4 /* XCRemoteSwiftPackageReference "SwiftSoup" */;
			productName = SwiftSoup;
		};
		1983B7302FF4000100A1B2C3 /* SDWebImage */ = {
			isa = XCSwiftPackageProductDependency;
			package = 1983B72E2FF4000100A1B2C3 /* XCRemoteSwiftPackageReference "SDWebImage" */;
			productName = SDWebImage;
		};
		1983B7322FF4000100A1B2C3 /* SDWebImageWebPCoder */ = {
			isa = XCSwiftPackageProductDependency;
			package = 1983B72F2FF4000100A1B2C3 /* XCRemoteSwiftPackageReference "SDWebImageWebPCoder" */;
			productName = SDWebImageWebPCoder;
		};
		19AEC07E2EE714150073EB5F /* Flow */ = {
			isa = XCSwiftPackageProductDependency;
			package = 19AEC07D2EE714150073EB5F /* XCRemoteSwiftPackageReference "SwiftUI-Flow" */;
			productName = Flow;
		};
		19D0A1012F0A000000D0A001 /* LibArchive */ = {
			isa = XCSwiftPackageProductDependency;
			package = 19D0A1002F0A000000D0A001 /* XCRemoteSwiftPackageReference "libarchive-swift" */;
			productName = LibArchive;
		};
		19F0B1012F10000000B10000 /* GRDB */ = {
			isa = XCSwiftPackageProductDependency;
			package = 19F0B1002F10000000B10000 /* XCRemoteSwiftPackageReference "GRDB.swift" */;
			productName = GRDB;
		};
/* End XCSwiftPackageProductDependency section */
	};
	rootObject = 192E6F752EC4B4E20040D165 /* Project object */;
}
